
Microsoft Visual Studio Solution File, Format Version 12.00
# Visual Studio 2013
VisualStudioVersion = 12.0.31101.0
MinimumVisualStudioVersion = 10.0.40219.1
Project("{FAE04EC0-301F-11D3-BF4B-00C04F79EFBC}") = "MvcApplication1", "MvcApplication1\MvcApplication1.csproj", "{19697921-DB41-4B00-A3CA-608AC0A02370}"
EndProject
Project("{FAE04EC0-301F-11D3-BF4B-00C04F79EFBC}") = "Database", "Database\Database.csproj", "{95C54339-D775-4FFD-919D-7E7126A6DDF9}"
EndProject
Project("{FAE04EC0-301F-11D3-BF4B-00C04F79EFBC}") = "DBForms", "DBForms\DBForms.csproj", "{5AF3C34D-2A15-4F83-9213-1662135294F1}"
EndProject
Project("{E24C65DC-7377-472B-9ABA-BC803B73C61A}") = "extjs-test", "http://localhost:52602", "{EAA0DA07-67E3-45F4-9B58-BCE9F5021D2F}"
	ProjectSection(WebsiteProperties) = preProject
		UseIISExpress = "true"
		TargetFrameworkMoniker = ".NETFramework,Version%3Dv4.0"
		Debug.AspNetCompiler.VirtualPath = "/localhost_52602"
		Debug.AspNetCompiler.PhysicalPath = "extjs-test\"
		Debug.AspNetCompiler.TargetPath = "PrecompiledWeb\localhost_52602\"
		Debug.AspNetCompiler.Updateable = "true"
		Debug.AspNetCompiler.ForceOverwrite = "true"
		Debug.AspNetCompiler.FixedNames = "false"
		Debug.AspNetCompiler.Debug = "True"
		Release.AspNetCompiler.VirtualPath = "/localhost_52602"
		Release.AspNetCompiler.PhysicalPath = "extjs-test\"
		Release.AspNetCompiler.TargetPath = "PrecompiledWeb\localhost_52602\"
		Release.AspNetCompiler.Updateable = "true"
		Release.AspNetCompiler.ForceOverwrite = "true"
		Release.AspNetCompiler.FixedNames = "false"
		Release.AspNetCompiler.Debug = "False"
		SlnRelativePath = "extjs-test\"
	EndProjectSection
EndProject
Global
	GlobalSection(SolutionConfigurationPlatforms) = preSolution
		Debug|Any CPU = Debug|Any CPU
		Debug|ARM = Debug|ARM
		Debug|x64 = Debug|x64
		Debug|x86 = Debug|x86
		Release|Any CPU = Release|Any CPU
		Release|ARM = Release|ARM
		Release|x64 = Release|x64
		Release|x86 = Release|x86
	EndGlobalSection
	GlobalSection(ProjectConfigurationPlatforms) = postSolution
		{19697921-DB41-4B00-A3CA-608AC0A02370}.Debug|Any CPU.ActiveCfg = Debug|Any CPU
		{19697921-DB41-4B00-A3CA-608AC0A02370}.Debug|Any CPU.Build.0 = Debug|Any CPU
		{19697921-DB41-4B00-A3CA-608AC0A02370}.Debug|ARM.ActiveCfg = Debug|Any CPU
		{19697921-DB41-4B00-A3CA-608AC0A02370}.Debug|x64.ActiveCfg = Debug|Any CPU
		{19697921-DB41-4B00-A3CA-608AC0A02370}.Debug|x86.ActiveCfg = Debug|Any CPU
		{19697921-DB41-4B00-A3CA-608AC0A02370}.Release|Any CPU.ActiveCfg = Release|Any CPU
		{19697921-DB41-4B00-A3CA-608AC0A02370}.Release|Any CPU.Build.0 = Release|Any CPU
		{19697921-DB41-4B00-A3CA-608AC0A02370}.Release|ARM.ActiveCfg = Release|Any CPU
		{19697921-DB41-4B00-A3CA-608AC0A02370}.Release|x64.ActiveCfg = Release|Any CPU
		{19697921-DB41-4B00-A3CA-608AC0A02370}.Release|x86.ActiveCfg = Release|Any CPU
		{95C54339-D775-4FFD-919D-7E7126A6DDF9}.Debug|Any CPU.ActiveCfg = Debug|Any CPU
		{95C54339-D775-4FFD-919D-7E7126A6DDF9}.Debug|Any CPU.Build.0 = Debug|Any CPU
		{95C54339-D775-4FFD-919D-7E7126A6DDF9}.Debug|ARM.ActiveCfg = Debug|Any CPU
		{95C54339-D775-4FFD-919D-7E7126A6DDF9}.Debug|x64.ActiveCfg = Debug|Any CPU
		{95C54339-D775-4FFD-919D-7E7126A6DDF9}.Debug|x86.ActiveCfg = Debug|Any CPU
		{95C54339-D775-4FFD-919D-7E7126A6DDF9}.Release|Any CPU.ActiveCfg = Release|Any CPU
		{95C54339-D775-4FFD-919D-7E7126A6DDF9}.Release|Any CPU.Build.0 = Release|Any CPU
		{95C54339-D775-4FFD-919D-7E7126A6DDF9}.Release|ARM.ActiveCfg = Release|Any CPU
		{95C54339-D775-4FFD-919D-7E7126A6DDF9}.Release|x64.ActiveCfg = Release|Any CPU
		{95C54339-D775-4FFD-919D-7E7126A6DDF9}.Release|x86.ActiveCfg = Release|Any CPU
		{5AF3C34D-2A15-4F83-9213-1662135294F1}.Debug|Any CPU.ActiveCfg = Debug|Any CPU
		{5AF3C34D-2A15-4F83-9213-1662135294F1}.Debug|Any CPU.Build.0 = Debug|Any CPU
		{5AF3C34D-2A15-4F83-9213-1662135294F1}.Debug|ARM.ActiveCfg = Debug|Any CPU
		{5AF3C34D-2A15-4F83-9213-1662135294F1}.Debug|x64.ActiveCfg = Debug|Any CPU
		{5AF3C34D-2A15-4F83-9213-1662135294F1}.Debug|x86.ActiveCfg = Debug|Any CPU
		{5AF3C34D-2A15-4F83-9213-1662135294F1}.Release|Any CPU.ActiveCfg = Release|Any CPU
		{5AF3C34D-2A15-4F83-9213-1662135294F1}.Release|Any CPU.Build.0 = Release|Any CPU
		{5AF3C34D-2A15-4F83-9213-1662135294F1}.Release|ARM.ActiveCfg = Release|Any CPU
		{5AF3C34D-2A15-4F83-9213-1662135294F1}.Release|x64.ActiveCfg = Release|Any CPU
		{5AF3C34D-2A15-4F83-9213-1662135294F1}.Release|x86.ActiveCfg = Release|Any CPU
		{EAA0DA07-67E3-45F4-9B58-BCE9F5021D2F}.Debug|Any CPU.ActiveCfg = Debug|Any CPU
		{EAA0DA07-67E3-45F4-9B58-BCE9F5021D2F}.Debug|Any CPU.Build.0 = Debug|Any CPU
		{EAA0DA07-67E3-45F4-9B58-BCE9F5021D2F}.Debug|ARM.ActiveCfg = Debug|Any CPU
		{EAA0DA07-67E3-45F4-9B58-BCE9F5021D2F}.Debug|x64.ActiveCfg = Debug|Any CPU
		{EAA0DA07-67E3-45F4-9B58-BCE9F5021D2F}.Debug|x86.ActiveCfg = Debug|Any CPU
		{EAA0DA07-67E3-45F4-9B58-BCE9F5021D2F}.Release|Any CPU.ActiveCfg = Debug|Any CPU
		{EAA0DA07-67E3-45F4-9B58-BCE9F5021D2F}.Release|Any CPU.Build.0 = Debug|Any CPU
		{EAA0DA07-67E3-45F4-9B58-BCE9F5021D2F}.Release|ARM.ActiveCfg = Debug|Any CPU
		{EAA0DA07-67E3-45F4-9B58-BCE9F5021D2F}.Release|x64.ActiveCfg = Debug|Any CPU
		{EAA0DA07-67E3-45F4-9B58-BCE9F5021D2F}.Release|x86.ActiveCfg = Debug|Any CPU
	EndGlobalSection
	GlobalSection(SolutionProperties) = preSolution
		HideSolutionNode = FALSE
	EndGlobalSection
EndGlobal
